
Microsoft Visual Studio Solution File, Format Version 12.00
# Visual Studio Version 16
VisualStudioVersion = 16.0.30611.23
MinimumVisualStudioVersion = 10.0.40219.1
Project("{FAE04EC0-301F-11D3-BF4B-00C04F79EFBC}") = "LINQ_com_NotacaoSimilarSQL", "LINQ_com-Lambda\LINQ_com_NotacaoSimilarSQL.csproj", "{7EE8F054-E0BB-44B1-9913-5F5B1FC56CFB}"
EndProject
Global
	GlobalSection(SolutionConfigurationPlatforms) = preSolution
		Debug|Any CPU = Debug|Any CPU
		Release|Any CPU = Release|Any CPU
	EndGlobalSection
	GlobalSection(ProjectConfigurationPlatforms) = postSolution
		{7EE8F054-E0BB-44B1-9913-5F5B1FC56CFB}.Debug|Any CPU.ActiveCfg = Debug|Any CPU
		{7EE8F054-E0BB-44B1-9913-5F5B1FC56CFB}.Debug|Any CPU.Build.0 = Debug|Any CPU
		{7EE8F054-E0BB-44B1-9913-5F5B1FC56CFB}.Release|Any CPU.ActiveCfg = Release|Any CPU
		{7EE8F054-E0BB-44B1-9913-5F5B1FC56CFB}.Release|Any CPU.Build.0 = Release|Any CPU
	EndGlobalSection
	GlobalSection(SolutionProperties) = preSolution
		HideSolutionNode = FALSE
	EndGlobalSection
	GlobalSection(ExtensibilityGlobals) = postSolution
		SolutionGuid = {E22CC105-C043-4BB4-BED3-0B38ED2A5D0F}
	EndGlobalSection
EndGlobal
